
Microsoft Visual Studio Solution File, Format Version 12.00
# Visual Studio Version 17
VisualStudioVersion = 17.8.34511.84
MinimumVisualStudioVersion = 10.0.40219.1
Project("{FAE04EC0-301F-11D3-BF4B-00C04F79EFBC}") = "1.4)_TESTE_ENTRADA_DADOS", "1.4)_TESTE_ENTRADA_DADOS\1.4)_TESTE_ENTRADA_DADOS.csproj", "{23DFAD7F-D63B-405A-AC70-D7DCAE3E93DB}"
EndProject
Global
	GlobalSection(SolutionConfigurationPlatforms) = preSolution
		Debug|Any CPU = Debug|Any CPU
		Release|Any CPU = Release|Any CPU
	EndGlobalSection
	GlobalSection(ProjectConfigurationPlatforms) = postSolution
		{23DFAD7F-D63B-405A-AC70-D7DCAE3E93DB}.Debug|Any CPU.ActiveCfg = Debug|Any CPU
		{23DFAD7F-D63B-405A-AC70-D7DCAE3E93DB}.Debug|Any CPU.Build.0 = Debug|Any CPU
		{23DFAD7F-D63B-405A-AC70-D7DCAE3E93DB}.Release|Any CPU.ActiveCfg = Release|Any CPU
		{23DFAD7F-D63B-405A-AC70-D7DCAE3E93DB}.Release|Any CPU.Build.0 = Release|Any CPU
	EndGlobalSection
	GlobalSection(SolutionProperties) = preSolution
		HideSolutionNode = FALSE
	EndGlobalSection
	GlobalSection(ExtensibilityGlobals) = postSolution
		SolutionGuid = {F5803E48-248F-42D8-85C8-3577ABE8363B}
	EndGlobalSection
EndGlobal
