
Microsoft Visual Studio Solution File, Format Version 12.00
# Visual Studio Version 17
VisualStudioVersion = 17.8.34511.84
MinimumVisualStudioVersion = 10.0.40219.1
Project("{FAE04EC0-301F-11D3-BF4B-00C04F79EFBC}") = "1.3)_TESTE_SAIDA_DADOS", "1.3)_TESTE_SAIDA_DADOS\1.3)_TESTE_SAIDA_DADOS.csproj", "{35BACC95-E938-48F2-9282-1991364E1A6A}"
EndProject
Global
	GlobalSection(SolutionConfigurationPlatforms) = preSolution
		Debug|Any CPU = Debug|Any CPU
		Release|Any CPU = Release|Any CPU
	EndGlobalSection
	GlobalSection(ProjectConfigurationPlatforms) = postSolution
		{35BACC95-E938-48F2-9282-1991364E1A6A}.Debug|Any CPU.ActiveCfg = Debug|Any CPU
		{35BACC95-E938-48F2-9282-1991364E1A6A}.Debug|Any CPU.Build.0 = Debug|Any CPU
		{35BACC95-E938-48F2-9282-1991364E1A6A}.Release|Any CPU.ActiveCfg = Release|Any CPU
		{35BACC95-E938-48F2-9282-1991364E1A6A}.Release|Any CPU.Build.0 = Release|Any CPU
	EndGlobalSection
	GlobalSection(SolutionProperties) = preSolution
		HideSolutionNode = FALSE
	EndGlobalSection
	GlobalSection(ExtensibilityGlobals) = postSolution
		SolutionGuid = {898D4F97-5E1D-452C-9E89-3F8B0172DC45}
	EndGlobalSection
EndGlobal
