
Microsoft Visual Studio Solution File, Format Version 12.00
# Visual Studio Version 17
VisualStudioVersion = 17.8.34511.84
MinimumVisualStudioVersion = 10.0.40219.1
Project("{FAE04EC0-301F-11D3-BF4B-00C04F79EFBC}") = "1.2)_TESTE_VARIAVEIS", "1.2)_TESTE_VARIAVEIS\1.2)_TESTE_VARIAVEIS.csproj", "{99193CE7-1C9E-476D-ACB9-DFA96370A0F5}"
EndProject
Global
	GlobalSection(SolutionConfigurationPlatforms) = preSolution
		Debug|Any CPU = Debug|Any CPU
		Release|Any CPU = Release|Any CPU
	EndGlobalSection
	GlobalSection(ProjectConfigurationPlatforms) = postSolution
		{99193CE7-1C9E-476D-ACB9-DFA96370A0F5}.Debug|Any CPU.ActiveCfg = Debug|Any CPU
		{99193CE7-1C9E-476D-ACB9-DFA96370A0F5}.Debug|Any CPU.Build.0 = Debug|Any CPU
		{99193CE7-1C9E-476D-ACB9-DFA96370A0F5}.Release|Any CPU.ActiveCfg = Release|Any CPU
		{99193CE7-1C9E-476D-ACB9-DFA96370A0F5}.Release|Any CPU.Build.0 = Release|Any CPU
	EndGlobalSection
	GlobalSection(SolutionProperties) = preSolution
		HideSolutionNode = FALSE
	EndGlobalSection
	GlobalSection(ExtensibilityGlobals) = postSolution
		SolutionGuid = {693762EF-5445-49C4-B92C-D912F6824384}
	EndGlobalSection
EndGlobal
