
Microsoft Visual Studio Solution File, Format Version 12.00
# Visual Studio Version 17
VisualStudioVersion = 17.8.34511.84
MinimumVisualStudioVersion = 10.0.40219.1
Project("{FAE04EC0-301F-11D3-BF4B-00C04F79EFBC}") = "2.7)_Atividade_DIAGONAL_NEGATIVOS", "2.7)_Atividade_DIAGONAL_NEGATIVOS\2.7)_Atividade_DIAGONAL_NEGATIVOS.csproj", "{ACD17166-5FCF-42D5-A7B3-B73BE512FBAD}"
EndProject
Global
	GlobalSection(SolutionConfigurationPlatforms) = preSolution
		Debug|Any CPU = Debug|Any CPU
		Release|Any CPU = Release|Any CPU
	EndGlobalSection
	GlobalSection(ProjectConfigurationPlatforms) = postSolution
		{ACD17166-5FCF-42D5-A7B3-B73BE512FBAD}.Debug|Any CPU.ActiveCfg = Debug|Any CPU
		{ACD17166-5FCF-42D5-A7B3-B73BE512FBAD}.Debug|Any CPU.Build.0 = Debug|Any CPU
		{ACD17166-5FCF-42D5-A7B3-B73BE512FBAD}.Release|Any CPU.ActiveCfg = Release|Any CPU
		{ACD17166-5FCF-42D5-A7B3-B73BE512FBAD}.Release|Any CPU.Build.0 = Release|Any CPU
	EndGlobalSection
	GlobalSection(SolutionProperties) = preSolution
		HideSolutionNode = FALSE
	EndGlobalSection
	GlobalSection(ExtensibilityGlobals) = postSolution
		SolutionGuid = {0D452AC7-DFDF-4809-BF65-6BE3C7C88F89}
	EndGlobalSection
EndGlobal
