
Microsoft Visual Studio Solution File, Format Version 12.00
# Visual Studio Version 17
VisualStudioVersion = 17.8.34511.84
MinimumVisualStudioVersion = 10.0.40219.1
Project("{FAE04EC0-301F-11D3-BF4B-00C04F79EFBC}") = "2.8)_Atividade_MATRIZ_GERAL", "2.8)_Atividade_MATRIZ_GERAL\2.8)_Atividade_MATRIZ_GERAL.csproj", "{47DFC3D5-C6C7-49AB-A3DF-0080A27C12A4}"
EndProject
Global
	GlobalSection(SolutionConfigurationPlatforms) = preSolution
		Debug|Any CPU = Debug|Any CPU
		Release|Any CPU = Release|Any CPU
	EndGlobalSection
	GlobalSection(ProjectConfigurationPlatforms) = postSolution
		{47DFC3D5-C6C7-49AB-A3DF-0080A27C12A4}.Debug|Any CPU.ActiveCfg = Debug|Any CPU
		{47DFC3D5-C6C7-49AB-A3DF-0080A27C12A4}.Debug|Any CPU.Build.0 = Debug|Any CPU
		{47DFC3D5-C6C7-49AB-A3DF-0080A27C12A4}.Release|Any CPU.ActiveCfg = Release|Any CPU
		{47DFC3D5-C6C7-49AB-A3DF-0080A27C12A4}.Release|Any CPU.Build.0 = Release|Any CPU
	EndGlobalSection
	GlobalSection(SolutionProperties) = preSolution
		HideSolutionNode = FALSE
	EndGlobalSection
	GlobalSection(ExtensibilityGlobals) = postSolution
		SolutionGuid = {5ED84562-FE5B-4C15-94FE-40B201579D91}
	EndGlobalSection
EndGlobal
